// !$*UTF8*$!
{
	archiveVersion = 1;
	classes = {
	};
	objectVersion = 46;
	objects = {

/* Begin PBXBuildFile section */
		3B1DDB0F15D8595700FA3B0E /* ESPurpleSteamAccount.m in Sources */ = {isa = PBXBuildFile; fileRef = 3B1DDB0C15D8595700FA3B0E /* ESPurpleSteamAccount.m */; };
		3B1DDB1015D8595700FA3B0E /* ESSteamService.m in Sources */ = {isa = PBXBuildFile; fileRef = 3B1DDB0E15D8595700FA3B0E /* ESSteamService.m */; };
		3B4B0C7F15D9D5A2002A4B1D /* AppKit.framework in Frameworks */ = {isa = PBXBuildFile; fileRef = 3B4B0C7E15D9D5A2002A4B1D /* AppKit.framework */; };
		3B4B0C8115D9D5AD002A4B1D /* Cocoa.framework in Frameworks */ = {isa = PBXBuildFile; fileRef = 3B4B0C8015D9D5AD002A4B1D /* Cocoa.framework */; };
		3BC5C6DD15D879BC0097D6A3 /* steam_small.png in Resources */ = {isa = PBXBuildFile; fileRef = 3BC5C6DB15D879BC0097D6A3 /* steam_small.png */; };
		3BC5C6DE15D879BC0097D6A3 /* steam.png in Resources */ = {isa = PBXBuildFile; fileRef = 3BC5C6DC15D879BC0097D6A3 /* steam.png */; };
		3BF9F8FD15D5E31E00322064 /* Foundation.framework in Frameworks */ = {isa = PBXBuildFile; fileRef = 3BF9F8FC15D5E31E00322064 /* Foundation.framework */; };
		3BF9F90515D5E31E00322064 /* InfoPlist.strings in Resources */ = {isa = PBXBuildFile; fileRef = 3BF9F90315D5E31E00322064 /* InfoPlist.strings */; };
		3BF9F90915D5E31E00322064 /* AISteamPlugin.m in Sources */ = {isa = PBXBuildFile; fileRef = 3BF9F90815D5E31E00322064 /* AISteamPlugin.m */; };
		B1AD2210183D3043008163E2 /* libz.dylib in Frameworks */ = {isa = PBXBuildFile; fileRef = B1AD220F183D3043008163E2 /* libz.dylib */; };
		CD321DDF182E5AA8003B36A8 /* Security.framework in Frameworks */ = {isa = PBXBuildFile; fileRef = CD321DDE182E5AA8003B36A8 /* Security.framework */; };
		CD7E816F186096BC0000F41D /* libpolarssl.a in Frameworks */ = {isa = PBXBuildFile; fileRef = CD7E816E186096BC0000F41D /* libpolarssl.a */; };
		CD8B2F6118CCB997007B4808 /* libsteam.c in Sources */ = {isa = PBXBuildFile; fileRef = CD8B2F5C18CCB997007B4808 /* libsteam.c */; };
		CD8B2F6218CCB997007B4808 /* steam_connection.c in Sources */ = {isa = PBXBuildFile; fileRef = CD8B2F5E18CCB997007B4808 /* steam_connection.c */; };
		CDCA35AD19CEEA9D00E6E652 /* SteamOptions.xib in Resources */ = {isa = PBXBuildFile; fileRef = CDCA35AC19CEEA9D00E6E652 /* SteamOptions.xib */; };
		CDCA35B219CEEF0F00E6E652 /* SteamSettingsViewController.m in Sources */ = {isa = PBXBuildFile; fileRef = CDCA35B119CEEF0F00E6E652 /* SteamSettingsViewController.m */; };
		CDDE873019E1E69D00E6E652 /* Adium.framework in Frameworks */ = {isa = PBXBuildFile; fileRef = CDDE872F19E1E69D00E6E652 /* Adium.framework */; };
		CDDE873219E1E6C800E6E652 /* AdiumLibpurple.framework in Frameworks */ = {isa = PBXBuildFile; fileRef = CDDE873119E1E6C800E6E652 /* AdiumLibpurple.framework */; };
		CDDE873419E1E6FD00E6E652 /* AIUtilities.framework in Frameworks */ = {isa = PBXBuildFile; fileRef = CDDE873319E1E6FD00E6E652 /* AIUtilities.framework */; };
		CDDE873A19E1E72300E6E652 /* libglib.framework in Frameworks */ = {isa = PBXBuildFile; fileRef = CDDE873519E1E72300E6E652 /* libglib.framework */; };
		CDDE873B19E1E72300E6E652 /* libgobject.framework in Frameworks */ = {isa = PBXBuildFile; fileRef = CDDE873619E1E72300E6E652 /* libgobject.framework */; };
		CDDE873C19E1E72300E6E652 /* libintl.framework in Frameworks */ = {isa = PBXBuildFile; fileRef = CDDE873719E1E72300E6E652 /* libintl.framework */; };
		CDDE873D19E1E72300E6E652 /* libjson-glib.framework in Frameworks */ = {isa = PBXBuildFile; fileRef = CDDE873819E1E72300E6E652 /* libjson-glib.framework */; };
		CDDE873E19E1E72300E6E652 /* libpurple.framework in Frameworks */ = {isa = PBXBuildFile; fileRef = CDDE873919E1E72300E6E652 /* libpurple.framework */; };
/* End PBXBuildFile section */

/* Begin PBXFileReference section */
		3B1DDB0C15D8595700FA3B0E /* ESPurpleSteamAccount.m */ = {isa = PBXFileReference; fileEncoding = 4; lastKnownFileType = sourcecode.c.objc; path = ESPurpleSteamAccount.m; sourceTree = "<group>"; };
		3B1DDB0D15D8595700FA3B0E /* ESSteamService.h */ = {isa = PBXFileReference; fileEncoding = 4; lastKnownFileType = sourcecode.c.h; path = ESSteamService.h; sourceTree = "<group>"; };
		3B1DDB0E15D8595700FA3B0E /* ESSteamService.m */ = {isa = PBXFileReference; fileEncoding = 4; lastKnownFileType = sourcecode.c.objc; path = ESSteamService.m; sourceTree = "<group>"; };
		3B4B0C7E15D9D5A2002A4B1D /* AppKit.framework */ = {isa = PBXFileReference; lastKnownFileType = wrapper.framework; name = AppKit.framework; path = System/Library/Frameworks/AppKit.framework; sourceTree = SDKROOT; };
		3B4B0C8015D9D5AD002A4B1D /* Cocoa.framework */ = {isa = PBXFileReference; lastKnownFileType = wrapper.framework; name = Cocoa.framework; path = System/Library/Frameworks/Cocoa.framework; sourceTree = SDKROOT; };
		3B4BC5C215D8DA7400FB6876 /* Steam IM.AdiumLibpurplePlugin */ = {isa = PBXFileReference; explicitFileType = wrapper.cfbundle; includeInIndex = 0; path = "Steam IM.AdiumLibpurplePlugin"; sourceTree = BUILT_PRODUCTS_DIR; };
		3B80170315D8CDDB00DA623D /* ESPurpleSteamAccount.h */ = {isa = PBXFileReference; fileEncoding = 4; lastKnownFileType = sourcecode.c.h; path = ESPurpleSteamAccount.h; sourceTree = "<group>"; };
		3BC5C6DB15D879BC0097D6A3 /* steam_small.png */ = {isa = PBXFileReference; lastKnownFileType = image.png; path = steam_small.png; sourceTree = "<group>"; };
		3BC5C6DC15D879BC0097D6A3 /* steam.png */ = {isa = PBXFileReference; lastKnownFileType = image.png; path = steam.png; sourceTree = "<group>"; };
		3BF9F8FC15D5E31E00322064 /* Foundation.framework */ = {isa = PBXFileReference; lastKnownFileType = wrapper.framework; name = Foundation.framework; path = System/Library/Frameworks/Foundation.framework; sourceTree = SDKROOT; };
		3BF9F90215D5E31E00322064 /* Steam IM-Info.plist */ = {isa = PBXFileReference; lastKnownFileType = text.plist.xml; path = "Steam IM-Info.plist"; sourceTree = "<group>"; };
		3BF9F90415D5E31E00322064 /* en */ = {isa = PBXFileReference; lastKnownFileType = text.plist.strings; name = en; path = en.lproj/InfoPlist.strings; sourceTree = "<group>"; };
		3BF9F90615D5E31E00322064 /* Steam IM-Prefix.pch */ = {isa = PBXFileReference; lastKnownFileType = sourcecode.c.h; path = "Steam IM-Prefix.pch"; sourceTree = "<group>"; };
		3BF9F90715D5E31E00322064 /* AISteamPlugin.h */ = {isa = PBXFileReference; lastKnownFileType = sourcecode.c.h; path = AISteamPlugin.h; sourceTree = "<group>"; };
		3BF9F90815D5E31E00322064 /* AISteamPlugin.m */ = {isa = PBXFileReference; lastKnownFileType = sourcecode.c.objc; path = AISteamPlugin.m; sourceTree = "<group>"; };
		B1AD220F183D3043008163E2 /* libz.dylib */ = {isa = PBXFileReference; lastKnownFileType = "compiled.mach-o.dylib"; name = libz.dylib; path = usr/lib/libz.dylib; sourceTree = SDKROOT; };
		CD321D94182E51F4003B36A8 /* glib-headers */ = {isa = PBXFileReference; lastKnownFileType = folder; path = "glib-headers"; sourceTree = "<group>"; };
		CD321DDE182E5AA8003B36A8 /* Security.framework */ = {isa = PBXFileReference; lastKnownFileType = wrapper.framework; name = Security.framework; path = System/Library/Frameworks/Security.framework; sourceTree = SDKROOT; };
		CD7E816E186096BC0000F41D /* libpolarssl.a */ = {isa = PBXFileReference; lastKnownFileType = archive.ar; name = libpolarssl.a; path = polarssl/build/library/libpolarssl.a; sourceTree = "<group>"; };
		CD8B2F5818CCB972007B4808 /* libsteamworks.cpp */ = {isa = PBXFileReference; fileEncoding = 4; lastKnownFileType = sourcecode.cpp.cpp; name = libsteamworks.cpp; path = opensteamworks/libsteamworks.cpp; sourceTree = "<group>"; };
		CD8B2F5918CCB972007B4808 /* libsteamworks.h */ = {isa = PBXFileReference; fileEncoding = 4; lastKnownFileType = sourcecode.c.h; name = libsteamworks.h; path = opensteamworks/libsteamworks.h; sourceTree = "<group>"; };
		CD8B2F5C18CCB997007B4808 /* libsteam.c */ = {isa = PBXFileReference; fileEncoding = 4; lastKnownFileType = sourcecode.c.c; name = libsteam.c; path = "opensteamworks/steam-mobile/libsteam.c"; sourceTree = "<group>"; };
		CD8B2F5D18CCB997007B4808 /* libsteam.h */ = {isa = PBXFileReference; fileEncoding = 4; lastKnownFileType = sourcecode.c.h; name = libsteam.h; path = "opensteamworks/steam-mobile/libsteam.h"; sourceTree = "<group>"; };
		CD8B2F5E18CCB997007B4808 /* steam_connection.c */ = {isa = PBXFileReference; fileEncoding = 4; lastKnownFileType = sourcecode.c.c; name = steam_connection.c; path = "opensteamworks/steam-mobile/steam_connection.c"; sourceTree = "<group>"; };
		CD8B2F5F18CCB997007B4808 /* steam_connection.h */ = {isa = PBXFileReference; fileEncoding = 4; lastKnownFileType = sourcecode.c.h; name = steam_connection.h; path = "opensteamworks/steam-mobile/steam_connection.h"; sourceTree = "<group>"; };
		CD8B2F6018CCB997007B4808 /* steam_rsa.c */ = {isa = PBXFileReference; fileEncoding = 4; lastKnownFileType = sourcecode.c.c; name = steam_rsa.c; path = "opensteamworks/steam-mobile/steam_rsa.c"; sourceTree = "<group>"; };
		CDCA35AC19CEEA9D00E6E652 /* SteamOptions.xib */ = {isa = PBXFileReference; fileEncoding = 4; lastKnownFileType = file.xib; path = SteamOptions.xib; sourceTree = "<group>"; };
		CDCA35B019CEEF0F00E6E652 /* SteamSettingsViewController.h */ = {isa = PBXFileReference; fileEncoding = 4; lastKnownFileType = sourcecode.c.h; path = SteamSettingsViewController.h; sourceTree = "<group>"; };
		CDCA35B119CEEF0F00E6E652 /* SteamSettingsViewController.m */ = {isa = PBXFileReference; fileEncoding = 4; lastKnownFileType = sourcecode.c.objc; path = SteamSettingsViewController.m; sourceTree = "<group>"; };
		CDDE872F19E1E69D00E6E652 /* Adium.framework */ = {isa = PBXFileReference; lastKnownFileType = wrapper.framework; name = Adium.framework; path = adium/build/Release/Adium.framework; sourceTree = "<group>"; };
		CDDE873119E1E6C800E6E652 /* AdiumLibpurple.framework */ = {isa = PBXFileReference; lastKnownFileType = wrapper.framework; name = AdiumLibpurple.framework; path = adium/build/Release/AdiumLibpurple.framework; sourceTree = "<group>"; };
		CDDE873319E1E6FD00E6E652 /* AIUtilities.framework */ = {isa = PBXFileReference; lastKnownFileType = wrapper.framework; name = AIUtilities.framework; path = adium/build/Release/AIUtilities.framework; sourceTree = "<group>"; };
		CDDE873519E1E72300E6E652 /* libglib.framework */ = {isa = PBXFileReference; lastKnownFileType = wrapper.framework; name = libglib.framework; path = adium/Frameworks/libglib.framework; sourceTree = "<group>"; };
		CDDE873619E1E72300E6E652 /* libgobject.framework */ = {isa = PBXFileReference; lastKnownFileType = wrapper.framework; name = libgobject.framework; path = adium/Frameworks/libgobject.framework; sourceTree = "<group>"; };
		CDDE873719E1E72300E6E652 /* libintl.framework */ = {isa = PBXFileReference; lastKnownFileType = wrapper.framework; name = libintl.framework; path = adium/Frameworks/libintl.framework; sourceTree = "<group>"; };
		CDDE873819E1E72300E6E652 /* libjson-glib.framework */ = {isa = PBXFileReference; lastKnownFileType = wrapper.framework; name = "libjson-glib.framework"; path = "adium/Frameworks/libjson-glib.framework"; sourceTree = "<group>"; };
		CDDE873919E1E72300E6E652 /* libpurple.framework */ = {isa = PBXFileReference; lastKnownFileType = wrapper.framework; name = libpurple.framework; path = adium/Frameworks/libpurple.framework; sourceTree = "<group>"; };
/* End PBXFileReference section */

/* Begin PBXFrameworksBuildPhase section */
		3BF9F8F615D5E31E00322064 /* Frameworks */ = {
			isa = PBXFrameworksBuildPhase;
			buildActionMask = 2147483647;
			files = (
				CD7E816F186096BC0000F41D /* libpolarssl.a in Frameworks */,
				B1AD2210183D3043008163E2 /* libz.dylib in Frameworks */,
				3BF9F8FD15D5E31E00322064 /* Foundation.framework in Frameworks */,
				3B4B0C7F15D9D5A2002A4B1D /* AppKit.framework in Frameworks */,
				3B4B0C8115D9D5AD002A4B1D /* Cocoa.framework in Frameworks */,
				CD321DDF182E5AA8003B36A8 /* Security.framework in Frameworks */,
				CDDE873019E1E69D00E6E652 /* Adium.framework in Frameworks */,
				CDDE873419E1E6FD00E6E652 /* AIUtilities.framework in Frameworks */,
				CDDE873219E1E6C800E6E652 /* AdiumLibpurple.framework in Frameworks */,
				CDDE873D19E1E72300E6E652 /* libjson-glib.framework in Frameworks */,
				CDDE873C19E1E72300E6E652 /* libintl.framework in Frameworks */,
				CDDE873B19E1E72300E6E652 /* libgobject.framework in Frameworks */,
				CDDE873E19E1E72300E6E652 /* libpurple.framework in Frameworks */,
				CDDE873A19E1E72300E6E652 /* libglib.framework in Frameworks */,
			);
			runOnlyForDeploymentPostprocessing = 0;
		};
/* End PBXFrameworksBuildPhase section */

/* Begin PBXGroup section */
		3B4BC5C815D8DA8100FB6876 /* Products */ = {
			isa = PBXGroup;
			children = (
				3B4BC5C215D8DA7400FB6876 /* Steam IM.AdiumLibpurplePlugin */,
			);
			name = Products;
			sourceTree = "<group>";
		};
		3BF9F8EE15D5E31E00322064 = {
			isa = PBXGroup;
			children = (
				CD448AD7182E43C600954074 /* pidgin-opensteamworks */,
				3BF9F90015D5E31E00322064 /* Steam IM */,
				3BF9F8FB15D5E31E00322064 /* Frameworks */,
				3B4BC5C815D8DA8100FB6876 /* Products */,
			);
			sourceTree = "<group>";
		};
		3BF9F8FB15D5E31E00322064 /* Frameworks */ = {
			isa = PBXGroup;
			children = (
				CD9E90A518611945006C937B /* System */,
				CD9E90A618611956006C937B /* Adium */,
				CD7E816E186096BC0000F41D /* libpolarssl.a */,
			);
			name = Frameworks;
			sourceTree = "<group>";
		};
		3BF9F90015D5E31E00322064 /* Steam IM */ = {
			isa = PBXGroup;
			children = (
				CDCA35AE19CEEE1400E6E652 /* Settings */,
				3BF9F90715D5E31E00322064 /* AISteamPlugin.h */,
				3BF9F90815D5E31E00322064 /* AISteamPlugin.m */,
				3B80170315D8CDDB00DA623D /* ESPurpleSteamAccount.h */,
				3B1DDB0C15D8595700FA3B0E /* ESPurpleSteamAccount.m */,
				3B1DDB0D15D8595700FA3B0E /* ESSteamService.h */,
				3B1DDB0E15D8595700FA3B0E /* ESSteamService.m */,
				3BF9F90115D5E31E00322064 /* Supporting Files */,
			);
			path = "Steam IM";
			sourceTree = "<group>";
		};
		3BF9F90115D5E31E00322064 /* Supporting Files */ = {
			isa = PBXGroup;
			children = (
				3BC5C6DB15D879BC0097D6A3 /* steam_small.png */,
				3BC5C6DC15D879BC0097D6A3 /* steam.png */,
				3BF9F90215D5E31E00322064 /* Steam IM-Info.plist */,
				3BF9F90315D5E31E00322064 /* InfoPlist.strings */,
				3BF9F90615D5E31E00322064 /* Steam IM-Prefix.pch */,
			);
			name = "Supporting Files";
			sourceTree = "<group>";
		};
		CD448AD7182E43C600954074 /* pidgin-opensteamworks */ = {
			isa = PBXGroup;
			children = (
				CD8B2F5818CCB972007B4808 /* libsteamworks.cpp */,
				CD8B2F5918CCB972007B4808 /* libsteamworks.h */,
				CD8B2F5B18CCB986007B4808 /* steam-mobile */,
				CD321D94182E51F4003B36A8 /* glib-headers */,
			);
			name = "pidgin-opensteamworks";
			sourceTree = "<group>";
		};
		CD8B2F5B18CCB986007B4808 /* steam-mobile */ = {
			isa = PBXGroup;
			children = (
				CD8B2F5C18CCB997007B4808 /* libsteam.c */,
				CD8B2F5D18CCB997007B4808 /* libsteam.h */,
				CD8B2F5E18CCB997007B4808 /* steam_connection.c */,
				CD8B2F5F18CCB997007B4808 /* steam_connection.h */,
				CD8B2F6018CCB997007B4808 /* steam_rsa.c */,
			);
			name = "steam-mobile";
			sourceTree = "<group>";
		};
		CD9E90A518611945006C937B /* System */ = {
			isa = PBXGroup;
			children = (
				B1AD220F183D3043008163E2 /* libz.dylib */,
				3BF9F8FC15D5E31E00322064 /* Foundation.framework */,
				3B4B0C7E15D9D5A2002A4B1D /* AppKit.framework */,
				3B4B0C8015D9D5AD002A4B1D /* Cocoa.framework */,
				CD321DDE182E5AA8003B36A8 /* Security.framework */,
			);
			name = System;
			sourceTree = "<group>";
		};
		CD9E90A618611956006C937B /* Adium */ = {
			isa = PBXGroup;
			children = (
				CDDE872F19E1E69D00E6E652 /* Adium.framework */,
				CDDE873519E1E72300E6E652 /* libglib.framework */,
				CDDE873619E1E72300E6E652 /* libgobject.framework */,
				CDDE873719E1E72300E6E652 /* libintl.framework */,
				CDDE873819E1E72300E6E652 /* libjson-glib.framework */,
				CDDE873919E1E72300E6E652 /* libpurple.framework */,
				CDDE873319E1E6FD00E6E652 /* AIUtilities.framework */,
				CDDE873119E1E6C800E6E652 /* AdiumLibpurple.framework */,
			);
			name = Adium;
			sourceTree = "<group>";
		};
		CDCA35AE19CEEE1400E6E652 /* Settings */ = {
			isa = PBXGroup;
			children = (
				CDCA35AC19CEEA9D00E6E652 /* SteamOptions.xib */,
				CDCA35B019CEEF0F00E6E652 /* SteamSettingsViewController.h */,
				CDCA35B119CEEF0F00E6E652 /* SteamSettingsViewController.m */,
			);
			name = Settings;
			sourceTree = "<group>";
		};
/* End PBXGroup section */

/* Begin PBXNativeTarget section */
		3BF9F8F815D5E31E00322064 /* Steam IM */ = {
			isa = PBXNativeTarget;
			buildConfigurationList = 3BF9F90C15D5E31E00322064 /* Build configuration list for PBXNativeTarget "Steam IM" */;
			buildPhases = (
				3BF9F8F515D5E31E00322064 /* Sources */,
				3BF9F8F615D5E31E00322064 /* Frameworks */,
				3BF9F8F715D5E31E00322064 /* Resources */,
				3BC62953162CDDB60054EC5B /* ShellScript */,
			);
			buildRules = (
			);
			dependencies = (
			);
			name = "Steam IM";
			productName = "Steam IM";
			productReference = 3B4BC5C215D8DA7400FB6876 /* Steam IM.AdiumLibpurplePlugin */;
			productType = "com.apple.product-type.bundle";
		};
/* End PBXNativeTarget section */

/* Begin PBXProject section */
		3BF9F8F015D5E31E00322064 /* Project object */ = {
			isa = PBXProject;
			attributes = {
				LastUpgradeCheck = 0500;
				ORGANIZATIONNAME = Hermi;
			};
			buildConfigurationList = 3BF9F8F315D5E31E00322064 /* Build configuration list for PBXProject "Steam IM" */;
			compatibilityVersion = "Xcode 3.2";
			developmentRegion = English;
			hasScannedForEncodings = 0;
			knownRegions = (
				en,
			);
			mainGroup = 3BF9F8EE15D5E31E00322064;
			productRefGroup = 3BF9F8EE15D5E31E00322064;
			projectDirPath = "";
			projectRoot = "";
			targets = (
				3BF9F8F815D5E31E00322064 /* Steam IM */,
			);
		};
/* End PBXProject section */

/* Begin PBXResourcesBuildPhase section */
		3BF9F8F715D5E31E00322064 /* Resources */ = {
			isa = PBXResourcesBuildPhase;
			buildActionMask = 2147483647;
			files = (
				3BF9F90515D5E31E00322064 /* InfoPlist.strings in Resources */,
				3BC5C6DD15D879BC0097D6A3 /* steam_small.png in Resources */,
				3BC5C6DE15D879BC0097D6A3 /* steam.png in Resources */,
				CDCA35AD19CEEA9D00E6E652 /* SteamOptions.xib in Resources */,
			);
			runOnlyForDeploymentPostprocessing = 0;
		};
/* End PBXResourcesBuildPhase section */

/* Begin PBXShellScriptBuildPhase section */
		3BC62953162CDDB60054EC5B /* ShellScript */ = {
			isa = PBXShellScriptBuildPhase;
			buildActionMask = 2147483647;
			files = (
			);
			inputPaths = (
			);
			outputPaths = (
			);
			runOnlyForDeploymentPostprocessing = 0;
			shellPath = /bin/sh;
			shellScript = "PLUGIN_BIN=\"$TARGET_BUILD_DIR/$EXECUTABLE_PATH\"\nLIBS=\"$(/usr/bin/otool -L \"$PLUGIN_BIN\" | \\\n    /usr/bin/tail -n +2 | \\\n    /usr/bin/tr -d '\\t' | \\\n    /usr/bin/grep -e '^@[a-z_]*path.*' | \\\n    /usr/bin/grep -v -e '\\.framework/Versions/Current' | \\\n    /usr/bin/sed \\\n        s/'(compatibility version [0-9.]*, current version [0-9.]*)'/''/g)\"\n\nfor LIB in $LIBS; do\n    NEW_LIB=\"$(/bin/echo \"$LIB\" | /usr/bin/sed s,'Versions/[A-Za-z0-9.]*/','Versions/Current/',)\"\n    printf \"Changing '%s' to '%s'\\n\" \"$LIB\" \"$NEW_LIB\"\n    /usr/bin/install_name_tool -change \"$LIB\" \"$NEW_LIB\" \"$PLUGIN_BIN\"\ndone\n";
		};
/* End PBXShellScriptBuildPhase section */

/* Begin PBXSourcesBuildPhase section */
		3BF9F8F515D5E31E00322064 /* Sources */ = {
			isa = PBXSourcesBuildPhase;
			buildActionMask = 2147483647;
			files = (
				3BF9F90915D5E31E00322064 /* AISteamPlugin.m in Sources */,
				CD8B2F6118CCB997007B4808 /* libsteam.c in Sources */,
				CD8B2F6218CCB997007B4808 /* steam_connection.c in Sources */,
				3B1DDB0F15D8595700FA3B0E /* ESPurpleSteamAccount.m in Sources */,
				CDCA35B219CEEF0F00E6E652 /* SteamSettingsViewController.m in Sources */,
				3B1DDB1015D8595700FA3B0E /* ESSteamService.m in Sources */,
			);
			runOnlyForDeploymentPostprocessing = 0;
		};
/* End PBXSourcesBuildPhase section */

/* Begin PBXVariantGroup section */
		3BF9F90315D5E31E00322064 /* InfoPlist.strings */ = {
			isa = PBXVariantGroup;
			children = (
				3BF9F90415D5E31E00322064 /* en */,
			);
			name = InfoPlist.strings;
			sourceTree = "<group>";
		};
/* End PBXVariantGroup section */

/* Begin XCBuildConfiguration section */
		3BF9F90A15D5E31E00322064 /* Debug */ = {
			isa = XCBuildConfiguration;
			buildSettings = {
				ARCHS = "$(ARCHS_STANDARD_32_64_BIT)";
				CLANG_CXX_LANGUAGE_STANDARD = "gnu++0x";
				CLANG_WARN__DUPLICATE_METHOD_MATCH = YES;
				COPY_PHASE_STRIP = NO;
				GCC_C_LANGUAGE_STANDARD = gnu99;
				GCC_DYNAMIC_NO_PIC = NO;
				GCC_ENABLE_OBJC_EXCEPTIONS = YES;
				GCC_OPTIMIZATION_LEVEL = 0;
				GCC_PREPROCESSOR_DEFINITIONS = USE_POLARSSL_CRYPTO;
				GCC_SYMBOLS_PRIVATE_EXTERN = NO;
				GCC_WARN_64_TO_32_BIT_CONVERSION = YES;
				GCC_WARN_ABOUT_RETURN_TYPE = YES;
				GCC_WARN_UNINITIALIZED_AUTOS = YES;
				GCC_WARN_UNUSED_VARIABLE = YES;
				MACOSX_DEPLOYMENT_TARGET = 10.6;
				SDKROOT = macosx;
			};
			name = Debug;
		};
		3BF9F90B15D5E31E00322064 /* Release */ = {
			isa = XCBuildConfiguration;
			buildSettings = {
				ARCHS = "$(ARCHS_STANDARD_32_64_BIT)";
				CLANG_CXX_LANGUAGE_STANDARD = "gnu++0x";
				CLANG_WARN__DUPLICATE_METHOD_MATCH = YES;
				COPY_PHASE_STRIP = YES;
				DEBUG_INFORMATION_FORMAT = "dwarf-with-dsym";
				GCC_C_LANGUAGE_STANDARD = gnu99;
				GCC_ENABLE_OBJC_EXCEPTIONS = YES;
				GCC_PREPROCESSOR_DEFINITIONS = USE_POLARSSL_CRYPTO;
				GCC_WARN_64_TO_32_BIT_CONVERSION = YES;
				GCC_WARN_ABOUT_RETURN_TYPE = YES;
				GCC_WARN_UNINITIALIZED_AUTOS = YES;
				GCC_WARN_UNUSED_VARIABLE = YES;
				MACOSX_DEPLOYMENT_TARGET = 10.6;
				SDKROOT = macosx;
			};
			name = Release;
		};
		3BF9F90D15D5E31E00322064 /* Debug */ = {
			isa = XCBuildConfiguration;
			buildSettings = {
				ARCHS = "$(ARCHS_STANDARD_32_64_BIT)";
				COMBINE_HIDPI_IMAGES = YES;
				FRAMEWORK_SEARCH_PATHS = (
					"$(PROJECT_DIR)/adium/build/Release",
					"$(PROJECT_DIR)/adium/Frameworks",
				);
				GCC_PRECOMPILE_PREFIX_HEADER = YES;
				GCC_PREFIX_HEADER = "Steam IM/Steam IM-Prefix.pch";
				HEADER_SEARCH_PATHS = (
					"$(SOURCE_ROOT)/adium/Source/",
					"$(SOURCE_ROOT)/adium/Frameworks/libglib.framework/Versions/Current/Headers",
					"$(SOURCE_ROOT)/adium/Frameworks/libintl.framework/Versions/Current/Headers",
					"$(SOURCE_ROOT)/adium/Frameworks/libjson-glib.framework/Versions/Current/Headers",
					"$(SOURCE_ROOT)/adium/Frameworks/libpurple.framework/Versions/Current/Headers",
					"$(SRCROOT)/glib-headers",
					"$(SOURCE_ROOT)/polarssl/include",
				);
				INFOPLIST_FILE = "Steam IM/Steam IM-Info.plist";
				LIBRARY_SEARCH_PATHS = (
					"$(inherited)",
					"$(SOURCE_ROOT)/polarssl/build/library",
				);
				OTHER_CFLAGS = "-DPURPLE_STATIC_PRPL";
				OTHER_LDFLAGS = "-headerpad_max_install_names";
				PRODUCT_NAME = "Steam IM";
				WRAPPER_EXTENSION = AdiumLibpurplePlugin;
			};
			name = Debug;
		};
		3BF9F90E15D5E31E00322064 /* Release */ = {
			isa = XCBuildConfiguration;
			buildSettings = {
				ARCHS = "$(ARCHS_STANDARD_32_64_BIT)";
				COMBINE_HIDPI_IMAGES = YES;
				FRAMEWORK_SEARCH_PATHS = (
					"$(PROJECT_DIR)/adium/build/Release",
					"$(PROJECT_DIR)/adium/Frameworks",
				);
				GCC_PRECOMPILE_PREFIX_HEADER = YES;
				GCC_PREFIX_HEADER = "Steam IM/Steam IM-Prefix.pch";
				HEADER_SEARCH_PATHS = (
					"$(SOURCE_ROOT)/adium/Source/",
					"$(SOURCE_ROOT)/adium/Frameworks/libglib.framework/Versions/Current/Headers",
					"$(SOURCE_ROOT)/adium/Frameworks/libintl.framework/Versions/Current/Headers",
					"$(SOURCE_ROOT)/adium/Frameworks/libjson-glib.framework/Versions/Current/Headers",
					"$(SOURCE_ROOT)/adium/Frameworks/libpurple.framework/Versions/Current/Headers",
					"$(SRCROOT)/glib-headers",
					"$(SOURCE_ROOT)/polarssl/include",
				);
				INFOPLIST_FILE = "Steam IM/Steam IM-Info.plist";
				LIBRARY_SEARCH_PATHS = (
					"$(inherited)",
					"$(SOURCE_ROOT)/polarssl/build/library",
				);
				OTHER_CFLAGS = "-DPURPLE_STATIC_PRPL";
				OTHER_LDFLAGS = "-headerpad_max_install_names";
				PRODUCT_NAME = "Steam IM";
				WRAPPER_EXTENSION = AdiumLibpurplePlugin;
			};
			name = Release;
		};
/* End XCBuildConfiguration section */

/* Begin XCConfigurationList section */
		3BF9F8F315D5E31E00322064 /* Build configuration list for PBXProject "Steam IM" */ = {
			isa = XCConfigurationList;
			buildConfigurations = (
				3BF9F90A15D5E31E00322064 /* Debug */,
				3BF9F90B15D5E31E00322064 /* Release */,
			);
			defaultConfigurationIsVisible = 0;
			defaultConfigurationName = Release;
		};
		3BF9F90C15D5E31E00322064 /* Build configuration list for PBXNativeTarget "Steam IM" */ = {
			isa = XCConfigurationList;
			buildConfigurations = (
				3BF9F90D15D5E31E00322064 /* Debug */,
				3BF9F90E15D5E31E00322064 /* Release */,
			);
			defaultConfigurationIsVisible = 0;
			defaultConfigurationName = Release;
		};
/* End XCConfigurationList section */
	};
	rootObject = 3BF9F8F015D5E31E00322064 /* Project object */;
}
